// !$*UTF8*$!
{
	archiveVersion = 1;
	classes = {
	};
	objectVersion = 56;
	objects = {

/* Begin PBXBuildFile section */
		984153EC2A3C2797002079A1 /* ImagePopularView.swift in Sources */ = {isa = PBXBuildFile; fileRef = 984153EB2A3C2797002079A1 /* ImagePopularView.swift */; };
		984153F02A3C27D4002079A1 /* ImagePopularDetailView.swift in Sources */ = {isa = PBXBuildFile; fileRef = 984153EF2A3C27D4002079A1 /* ImagePopularDetailView.swift */; };
		984153F22A3C27E9002079A1 /* VideoPopularView.swift in Sources */ = {isa = PBXBuildFile; fileRef = 984153F12A3C27E9002079A1 /* VideoPopularView.swift */; };
		984153F42A3C27F5002079A1 /* VideoPopularDetailView.swift in Sources */ = {isa = PBXBuildFile; fileRef = 984153F32A3C27F5002079A1 /* VideoPopularDetailView.swift */; };
		984153F62A3C2805002079A1 /* ImagePopularModel.swift in Sources */ = {isa = PBXBuildFile; fileRef = 984153F52A3C2805002079A1 /* ImagePopularModel.swift */; };
		984153F82A3C280D002079A1 /* VideoPopularModel.swift in Sources */ = {isa = PBXBuildFile; fileRef = 984153F72A3C280D002079A1 /* VideoPopularModel.swift */; };
		984153FA2A3C283A002079A1 /* PopularRepository.swift in Sources */ = {isa = PBXBuildFile; fileRef = 984153F92A3C283A002079A1 /* PopularRepository.swift */; };
		9844ACEF2A271ECB0046FFE7 /* iPexelApp.swift in Sources */ = {isa = PBXBuildFile; fileRef = 9844ACEE2A271ECB0046FFE7 /* iPexelApp.swift */; };
		9844ACF12A271ECB0046FFE7 /* ContentView.swift in Sources */ = {isa = PBXBuildFile; fileRef = 9844ACF02A271ECB0046FFE7 /* ContentView.swift */; };
		9844ACF32A271ECC0046FFE7 /* Assets.xcassets in Resources */ = {isa = PBXBuildFile; fileRef = 9844ACF22A271ECC0046FFE7 /* Assets.xcassets */; };
		9844ACF62A271ECC0046FFE7 /* Preview Assets.xcassets in Resources */ = {isa = PBXBuildFile; fileRef = 9844ACF52A271ECC0046FFE7 /* Preview Assets.xcassets */; };
		9844AD012A2728770046FFE7 /* MainTabView.swift in Sources */ = {isa = PBXBuildFile; fileRef = 9844AD002A2728770046FFE7 /* MainTabView.swift */; };
		9844AD052A272BAB0046FFE7 /* SearchMainView.swift in Sources */ = {isa = PBXBuildFile; fileRef = 9844AD042A272BAB0046FFE7 /* SearchMainView.swift */; };
		9844AD082A272BD40046FFE7 /* PopularMainView.swift in Sources */ = {isa = PBXBuildFile; fileRef = 9844AD072A272BD40046FFE7 /* PopularMainView.swift */; };
		9844AD0A2A2738CA0046FFE7 /* ImageSearchView.swift in Sources */ = {isa = PBXBuildFile; fileRef = 9844AD092A2738CA0046FFE7 /* ImageSearchView.swift */; };
		9844AD0E2A27399F0046FFE7 /* ViewExtension.swift in Sources */ = {isa = PBXBuildFile; fileRef = 9844AD0D2A27399F0046FFE7 /* ViewExtension.swift */; };
		9844AD172A27415E0046FFE7 /* ImageVo.swift in Sources */ = {isa = PBXBuildFile; fileRef = 9844AD162A27415E0046FFE7 /* ImageVo.swift */; };
		9844AD1C2A2821ED0046FFE7 /* Alamofire in Frameworks */ = {isa = PBXBuildFile; productRef = 9844AD1B2A2821ED0046FFE7 /* Alamofire */; };
		9844AD1E2A2822B30046FFE7 /* PexelApi.swift in Sources */ = {isa = PBXBuildFile; fileRef = 9844AD1D2A2822B30046FFE7 /* PexelApi.swift */; };
		9844AD202A2822C00046FFE7 /* SearchRepository.swift in Sources */ = {isa = PBXBuildFile; fileRef = 9844AD1F2A2822C00046FFE7 /* SearchRepository.swift */; };
		9844AD232A2828F30046FFE7 /* ImageDto.swift in Sources */ = {isa = PBXBuildFile; fileRef = 9844AD222A2828F30046FFE7 /* ImageDto.swift */; };
		9844AD282A2836300046FFE7 /* Realm in Frameworks */ = {isa = PBXBuildFile; productRef = 9844AD272A2836300046FFE7 /* Realm */; };
		9844AD2A2A2836300046FFE7 /* RealmSwift in Frameworks */ = {isa = PBXBuildFile; productRef = 9844AD292A2836300046FFE7 /* RealmSwift */; };
		9844AD2F2A285E9E0046FFE7 /* ImageSearchModel.swift in Sources */ = {isa = PBXBuildFile; fileRef = 9844AD2E2A285E9E0046FFE7 /* ImageSearchModel.swift */; };
		98724D982A29733500B0CACA /* ImageSearchDetailView.swift in Sources */ = {isa = PBXBuildFile; fileRef = 98724D972A29733500B0CACA /* ImageSearchDetailView.swift */; };
		98724D9A2A29804C00B0CACA /* ColorExtension.swift in Sources */ = {isa = PBXBuildFile; fileRef = 98724D992A29804C00B0CACA /* ColorExtension.swift */; };
		98A40F242A307AE200089D37 /* VideoSearchView.swift in Sources */ = {isa = PBXBuildFile; fileRef = 98A40F232A307AE200089D37 /* VideoSearchView.swift */; };
		98A40F262A307B3C00089D37 /* VideoSearchModel.swift in Sources */ = {isa = PBXBuildFile; fileRef = 98A40F252A307B3C00089D37 /* VideoSearchModel.swift */; };
		98A40F282A307B9000089D37 /* VideoSearchDetailView.swift in Sources */ = {isa = PBXBuildFile; fileRef = 98A40F272A307B9000089D37 /* VideoSearchDetailView.swift */; };
		98A40F2A2A307CBF00089D37 /* VideoDto.swift in Sources */ = {isa = PBXBuildFile; fileRef = 98A40F292A307CBF00089D37 /* VideoDto.swift */; };
/* End PBXBuildFile section */

/* Begin PBXFileReference section */
		984153EA2A3ADA07002079A1 /* config.xcconfig */ = {isa = PBXFileReference; lastKnownFileType = text.xcconfig; path = config.xcconfig; sourceTree = "<group>"; };
		984153EB2A3C2797002079A1 /* ImagePopularView.swift */ = {isa = PBXFileReference; lastKnownFileType = sourcecode.swift; path = ImagePopularView.swift; sourceTree = "<group>"; };
		984153EF2A3C27D4002079A1 /* ImagePopularDetailView.swift */ = {isa = PBXFileReference; lastKnownFileType = sourcecode.swift; path = ImagePopularDetailView.swift; sourceTree = "<group>"; };
		984153F12A3C27E9002079A1 /* VideoPopularView.swift */ = {isa = PBXFileReference; lastKnownFileType = sourcecode.swift; path = VideoPopularView.swift; sourceTree = "<group>"; };
		984153F32A3C27F5002079A1 /* VideoPopularDetailView.swift */ = {isa = PBXFileReference; lastKnownFileType = sourcecode.swift; path = VideoPopularDetailView.swift; sourceTree = "<group>"; };
		984153F52A3C2805002079A1 /* ImagePopularModel.swift */ = {isa = PBXFileReference; lastKnownFileType = sourcecode.swift; path = ImagePopularModel.swift; sourceTree = "<group>"; };
		984153F72A3C280D002079A1 /* VideoPopularModel.swift */ = {isa = PBXFileReference; lastKnownFileType = sourcecode.swift; path = VideoPopularModel.swift; sourceTree = "<group>"; };
		984153F92A3C283A002079A1 /* PopularRepository.swift */ = {isa = PBXFileReference; lastKnownFileType = sourcecode.swift; path = PopularRepository.swift; sourceTree = "<group>"; };
		9844ACEB2A271ECB0046FFE7 /* iPexel.app */ = {isa = PBXFileReference; explicitFileType = wrapper.application; includeInIndex = 0; path = iPexel.app; sourceTree = BUILT_PRODUCTS_DIR; };
		9844ACEE2A271ECB0046FFE7 /* iPexelApp.swift */ = {isa = PBXFileReference; lastKnownFileType = sourcecode.swift; path = iPexelApp.swift; sourceTree = "<group>"; };
		9844ACF02A271ECB0046FFE7 /* ContentView.swift */ = {isa = PBXFileReference; lastKnownFileType = sourcecode.swift; path = ContentView.swift; sourceTree = "<group>"; };
		9844ACF22A271ECC0046FFE7 /* Assets.xcassets */ = {isa = PBXFileReference; lastKnownFileType = folder.assetcatalog; path = Assets.xcassets; sourceTree = "<group>"; };
		9844ACF52A271ECC0046FFE7 /* Preview Assets.xcassets */ = {isa = PBXFileReference; lastKnownFileType = folder.assetcatalog; path = "Preview Assets.xcassets"; sourceTree = "<group>"; };
		9844AD002A2728770046FFE7 /* MainTabView.swift */ = {isa = PBXFileReference; lastKnownFileType = sourcecode.swift; path = MainTabView.swift; sourceTree = "<group>"; };
		9844AD042A272BAB0046FFE7 /* SearchMainView.swift */ = {isa = PBXFileReference; lastKnownFileType = sourcecode.swift; path = SearchMainView.swift; sourceTree = "<group>"; };
		9844AD072A272BD40046FFE7 /* PopularMainView.swift */ = {isa = PBXFileReference; lastKnownFileType = sourcecode.swift; path = PopularMainView.swift; sourceTree = "<group>"; };
		9844AD092A2738CA0046FFE7 /* ImageSearchView.swift */ = {isa = PBXFileReference; lastKnownFileType = sourcecode.swift; path = ImageSearchView.swift; sourceTree = "<group>"; };
		9844AD0D2A27399F0046FFE7 /* ViewExtension.swift */ = {isa = PBXFileReference; lastKnownFileType = sourcecode.swift; path = ViewExtension.swift; sourceTree = "<group>"; };
		9844AD162A27415E0046FFE7 /* ImageVo.swift */ = {isa = PBXFileReference; lastKnownFileType = sourcecode.swift; path = ImageVo.swift; sourceTree = "<group>"; };
		9844AD1D2A2822B30046FFE7 /* PexelApi.swift */ = {isa = PBXFileReference; lastKnownFileType = sourcecode.swift; path = PexelApi.swift; sourceTree = "<group>"; };
		9844AD1F2A2822C00046FFE7 /* SearchRepository.swift */ = {isa = PBXFileReference; lastKnownFileType = sourcecode.swift; path = SearchRepository.swift; sourceTree = "<group>"; };
		9844AD222A2828F30046FFE7 /* ImageDto.swift */ = {isa = PBXFileReference; lastKnownFileType = sourcecode.swift; path = ImageDto.swift; sourceTree = "<group>"; };
		9844AD2D2A28554A0046FFE7 /* Info.plist */ = {isa = PBXFileReference; lastKnownFileType = text.plist; path = Info.plist; sourceTree = "<group>"; };
		9844AD2E2A285E9E0046FFE7 /* ImageSearchModel.swift */ = {isa = PBXFileReference; lastKnownFileType = sourcecode.swift; path = ImageSearchModel.swift; sourceTree = "<group>"; };
		98724D972A29733500B0CACA /* ImageSearchDetailView.swift */ = {isa = PBXFileReference; lastKnownFileType = sourcecode.swift; path = ImageSearchDetailView.swift; sourceTree = "<group>"; };
		98724D992A29804C00B0CACA /* ColorExtension.swift */ = {isa = PBXFileReference; lastKnownFileType = sourcecode.swift; path = ColorExtension.swift; sourceTree = "<group>"; };
		98A40F232A307AE200089D37 /* VideoSearchView.swift */ = {isa = PBXFileReference; lastKnownFileType = sourcecode.swift; path = VideoSearchView.swift; sourceTree = "<group>"; };
		98A40F252A307B3C00089D37 /* VideoSearchModel.swift */ = {isa = PBXFileReference; lastKnownFileType = sourcecode.swift; path = VideoSearchModel.swift; sourceTree = "<group>"; };
		98A40F272A307B9000089D37 /* VideoSearchDetailView.swift */ = {isa = PBXFileReference; lastKnownFileType = sourcecode.swift; path = VideoSearchDetailView.swift; sourceTree = "<group>"; };
		98A40F292A307CBF00089D37 /* VideoDto.swift */ = {isa = PBXFileReference; lastKnownFileType = sourcecode.swift; path = VideoDto.swift; sourceTree = "<group>"; };
/* End PBXFileReference section */

/* Begin PBXFrameworksBuildPhase section */
		9844ACE82A271ECB0046FFE7 /* Frameworks */ = {
			isa = PBXFrameworksBuildPhase;
			buildActionMask = 2147483647;
			files = (
				9844AD2A2A2836300046FFE7 /* RealmSwift in Frameworks */,
				9844AD282A2836300046FFE7 /* Realm in Frameworks */,
				9844AD1C2A2821ED0046FFE7 /* Alamofire in Frameworks */,
			);
			runOnlyForDeploymentPostprocessing = 0;
		};
/* End PBXFrameworksBuildPhase section */

/* Begin PBXGroup section */
		984153ED2A3C27B7002079A1 /* Model */ = {
			isa = PBXGroup;
			children = (
				984153F52A3C2805002079A1 /* ImagePopularModel.swift */,
				984153F72A3C280D002079A1 /* VideoPopularModel.swift */,
			);
			path = Model;
			sourceTree = "<group>";
		};
		984153EE2A3C27BB002079A1 /* View */ = {
			isa = PBXGroup;
			children = (
				9844AD072A272BD40046FFE7 /* PopularMainView.swift */,
				984153EB2A3C2797002079A1 /* ImagePopularView.swift */,
				984153EF2A3C27D4002079A1 /* ImagePopularDetailView.swift */,
				984153F12A3C27E9002079A1 /* VideoPopularView.swift */,
				984153F32A3C27F5002079A1 /* VideoPopularDetailView.swift */,
			);
			path = View;
			sourceTree = "<group>";
		};
		9844ACE22A271ECB0046FFE7 = {
			isa = PBXGroup;
			children = (
				9844ACED2A271ECB0046FFE7 /* iPexel */,
				9844ACEC2A271ECB0046FFE7 /* Products */,
			);
			sourceTree = "<group>";
		};
		9844ACEC2A271ECB0046FFE7 /* Products */ = {
			isa = PBXGroup;
			children = (
				9844ACEB2A271ECB0046FFE7 /* iPexel.app */,
			);
			name = Products;
			sourceTree = "<group>";
		};
		9844ACED2A271ECB0046FFE7 /* iPexel */ = {
			isa = PBXGroup;
			children = (
				9844AD2D2A28554A0046FFE7 /* Info.plist */,
				9844AD0F2A273F670046FFE7 /* UI */,
				9844AD122A2740A90046FFE7 /* Data */,
				9844ACF22A271ECC0046FFE7 /* Assets.xcassets */,
				9844ACF42A271ECC0046FFE7 /* Preview Content */,
				984153EA2A3ADA07002079A1 /* config.xcconfig */,
			);
			path = iPexel;
			sourceTree = "<group>";
		};
		9844ACF42A271ECC0046FFE7 /* Preview Content */ = {
			isa = PBXGroup;
			children = (
				9844ACF52A271ECC0046FFE7 /* Preview Assets.xcassets */,
			);
			path = "Preview Content";
			sourceTree = "<group>";
		};
		9844AD032A272B9E0046FFE7 /* Search */ = {
			isa = PBXGroup;
			children = (
				9844AD252A282F520046FFE7 /* Model */,
				9844AD242A282F4D0046FFE7 /* View */,
			);
			path = Search;
			sourceTree = "<group>";
		};
		9844AD062A272BC90046FFE7 /* Popular */ = {
			isa = PBXGroup;
			children = (
				984153ED2A3C27B7002079A1 /* Model */,
				984153EE2A3C27BB002079A1 /* View */,
			);
			path = Popular;
			sourceTree = "<group>";
		};
		9844AD0C2A2739970046FFE7 /* Util */ = {
			isa = PBXGroup;
			children = (
				9844AD0D2A27399F0046FFE7 /* ViewExtension.swift */,
				98724D992A29804C00B0CACA /* ColorExtension.swift */,
			);
			path = Util;
			sourceTree = "<group>";
		};
		9844AD0F2A273F670046FFE7 /* UI */ = {
			isa = PBXGroup;
			children = (
				9844AD032A272B9E0046FFE7 /* Search */,
				9844AD062A272BC90046FFE7 /* Popular */,
				9844AD0C2A2739970046FFE7 /* Util */,
				9844ACEE2A271ECB0046FFE7 /* iPexelApp.swift */,
				9844ACF02A271ECB0046FFE7 /* ContentView.swift */,
				9844AD002A2728770046FFE7 /* MainTabView.swift */,
			);
			path = UI;
			sourceTree = "<group>";
		};
		9844AD122A2740A90046FFE7 /* Data */ = {
			isa = PBXGroup;
			children = (
				9844AD212A2828BE0046FFE7 /* Dto */,
				9844AD192A281F770046FFE7 /* Network */,
				9844AD142A2740D80046FFE7 /* Repository */,
				9844AD152A2740E00046FFE7 /* Vo */,
			);
			path = Data;
			sourceTree = "<group>";
		};
		9844AD142A2740D80046FFE7 /* Repository */ = {
			isa = PBXGroup;
			children = (
				9844AD1F2A2822C00046FFE7 /* SearchRepository.swift */,
				984153F92A3C283A002079A1 /* PopularRepository.swift */,
			);
			path = Repository;
			sourceTree = "<group>";
		};
		9844AD152A2740E00046FFE7 /* Vo */ = {
			isa = PBXGroup;
			children = (
				9844AD162A27415E0046FFE7 /* ImageVo.swift */,
			);
			path = Vo;
			sourceTree = "<group>";
		};
		9844AD192A281F770046FFE7 /* Network */ = {
			isa = PBXGroup;
			children = (
				9844AD1D2A2822B30046FFE7 /* PexelApi.swift */,
			);
			path = Network;
			sourceTree = "<group>";
		};
		9844AD212A2828BE0046FFE7 /* Dto */ = {
			isa = PBXGroup;
			children = (
				9844AD222A2828F30046FFE7 /* ImageDto.swift */,
				98A40F292A307CBF00089D37 /* VideoDto.swift */,
			);
			path = Dto;
			sourceTree = "<group>";
		};
		9844AD242A282F4D0046FFE7 /* View */ = {
			isa = PBXGroup;
			children = (
				9844AD042A272BAB0046FFE7 /* SearchMainView.swift */,
				9844AD092A2738CA0046FFE7 /* ImageSearchView.swift */,
				98724D972A29733500B0CACA /* ImageSearchDetailView.swift */,
				98A40F232A307AE200089D37 /* VideoSearchView.swift */,
				98A40F272A307B9000089D37 /* VideoSearchDetailView.swift */,
			);
			path = View;
			sourceTree = "<group>";
		};
		9844AD252A282F520046FFE7 /* Model */ = {
			isa = PBXGroup;
			children = (
				9844AD2E2A285E9E0046FFE7 /* ImageSearchModel.swift */,
				98A40F252A307B3C00089D37 /* VideoSearchModel.swift */,
			);
			path = Model;
			sourceTree = "<group>";
		};
/* End PBXGroup section */

/* Begin PBXNativeTarget section */
		9844ACEA2A271ECB0046FFE7 /* iPexel */ = {
			isa = PBXNativeTarget;
			buildConfigurationList = 9844ACF92A271ECC0046FFE7 /* Build configuration list for PBXNativeTarget "iPexel" */;
			buildPhases = (
				9844ACE72A271ECB0046FFE7 /* Sources */,
				9844ACE82A271ECB0046FFE7 /* Frameworks */,
				9844ACE92A271ECB0046FFE7 /* Resources */,
			);
			buildRules = (
			);
			dependencies = (
			);
			name = iPexel;
			packageProductDependencies = (
				9844AD1B2A2821ED0046FFE7 /* Alamofire */,
				9844AD272A2836300046FFE7 /* Realm */,
				9844AD292A2836300046FFE7 /* RealmSwift */,
			);
			productName = iPexel;
			productReference = 9844ACEB2A271ECB0046FFE7 /* iPexel.app */;
			productType = "com.apple.product-type.application";
		};
/* End PBXNativeTarget section */

/* Begin PBXProject section */
		9844ACE32A271ECB0046FFE7 /* Project object */ = {
			isa = PBXProject;
			attributes = {
				BuildIndependentTargetsInParallel = 1;
				LastSwiftUpdateCheck = 1430;
				LastUpgradeCheck = 1430;
				TargetAttributes = {
					9844ACEA2A271ECB0046FFE7 = {
						CreatedOnToolsVersion = 14.3;
					};
				};
			};
			buildConfigurationList = 9844ACE62A271ECB0046FFE7 /* Build configuration list for PBXProject "iPexel" */;
			compatibilityVersion = "Xcode 14.0";
			developmentRegion = en;
			hasScannedForEncodings = 0;
			knownRegions = (
				en,
				Base,
			);
			mainGroup = 9844ACE22A271ECB0046FFE7;
			packageReferences = (
				9844AD1A2A2821ED0046FFE7 /* XCRemoteSwiftPackageReference "Alamofire" */,
				9844AD262A2836300046FFE7 /* XCRemoteSwiftPackageReference "realm-swift" */,
			);
			productRefGroup = 9844ACEC2A271ECB0046FFE7 /* Products */;
			projectDirPath = "";
			projectRoot = "";
			targets = (
				9844ACEA2A271ECB0046FFE7 /* iPexel */,
			);
		};
/* End PBXProject section */

/* Begin PBXResourcesBuildPhase section */
		9844ACE92A271ECB0046FFE7 /* Resources */ = {
			isa = PBXResourcesBuildPhase;
			buildActionMask = 2147483647;
			files = (
				9844ACF62A271ECC0046FFE7 /* Preview Assets.xcassets in Resources */,
				9844ACF32A271ECC0046FFE7 /* Assets.xcassets in Resources */,
			);
			runOnlyForDeploymentPostprocessing = 0;
		};
/* End PBXResourcesBuildPhase section */

/* Begin PBXSourcesBuildPhase section */
		9844ACE72A271ECB0046FFE7 /* Sources */ = {
			isa = PBXSourcesBuildPhase;
			buildActionMask = 2147483647;
			files = (
				9844ACF12A271ECB0046FFE7 /* ContentView.swift in Sources */,
				9844AD172A27415E0046FFE7 /* ImageVo.swift in Sources */,
				984153F22A3C27E9002079A1 /* VideoPopularView.swift in Sources */,
				9844AD052A272BAB0046FFE7 /* SearchMainView.swift in Sources */,
				9844AD0A2A2738CA0046FFE7 /* ImageSearchView.swift in Sources */,
				984153F82A3C280D002079A1 /* VideoPopularModel.swift in Sources */,
				9844AD0E2A27399F0046FFE7 /* ViewExtension.swift in Sources */,
				98A40F242A307AE200089D37 /* VideoSearchView.swift in Sources */,
				98724D9A2A29804C00B0CACA /* ColorExtension.swift in Sources */,
				98A40F2A2A307CBF00089D37 /* VideoDto.swift in Sources */,
				9844AD1E2A2822B30046FFE7 /* PexelApi.swift in Sources */,
				9844ACEF2A271ECB0046FFE7 /* iPexelApp.swift in Sources */,
				9844AD2F2A285E9E0046FFE7 /* ImageSearchModel.swift in Sources */,
				9844AD202A2822C00046FFE7 /* SearchRepository.swift in Sources */,
				984153FA2A3C283A002079A1 /* PopularRepository.swift in Sources */,
				984153F42A3C27F5002079A1 /* VideoPopularDetailView.swift in Sources */,
				9844AD232A2828F30046FFE7 /* ImageDto.swift in Sources */,
				9844AD082A272BD40046FFE7 /* PopularMainView.swift in Sources */,
				9844AD012A2728770046FFE7 /* MainTabView.swift in Sources */,
				984153F02A3C27D4002079A1 /* ImagePopularDetailView.swift in Sources */,
				98724D982A29733500B0CACA /* ImageSearchDetailView.swift in Sources */,
				984153F62A3C2805002079A1 /* ImagePopularModel.swift in Sources */,
				98A40F282A307B9000089D37 /* VideoSearchDetailView.swift in Sources */,
				984153EC2A3C2797002079A1 /* ImagePopularView.swift in Sources */,
				98A40F262A307B3C00089D37 /* VideoSearchModel.swift in Sources */,
			);
			runOnlyForDeploymentPostprocessing = 0;
		};
/* End PBXSourcesBuildPhase section */

/* Begin XCBuildConfiguration section */
		9844ACF72A271ECC0046FFE7 /* Debug */ = {
			isa = XCBuildConfiguration;
			buildSettings = {
				ALWAYS_SEARCH_USER_PATHS = NO;
				CLANG_ANALYZER_NONNULL = YES;
				CLANG_ANALYZER_NUMBER_OBJECT_CONVERSION = YES_AGGRESSIVE;
				CLANG_CXX_LANGUAGE_STANDARD = "gnu++20";
				CLANG_ENABLE_MODULES = YES;
				CLANG_ENABLE_OBJC_ARC = YES;
				CLANG_ENABLE_OBJC_WEAK = YES;
				CLANG_WARN_BLOCK_CAPTURE_AUTORELEASING = YES;
				CLANG_WARN_BOOL_CONVERSION = YES;
				CLANG_WARN_COMMA = YES;
				CLANG_WARN_CONSTANT_CONVERSION = YES;
				CLANG_WARN_DEPRECATED_OBJC_IMPLEMENTATIONS = YES;
				CLANG_WARN_DIRECT_OBJC_ISA_USAGE = YES_ERROR;
				CLANG_WARN_DOCUMENTATION_COMMENTS = YES;
				CLANG_WARN_EMPTY_BODY = YES;
				CLANG_WARN_ENUM_CONVERSION = YES;
				CLANG_WARN_INFINITE_RECURSION = YES;
				CLANG_WARN_INT_CONVERSION = YES;
				CLANG_WARN_NON_LITERAL_NULL_CONVERSION = YES;
				CLANG_WARN_OBJC_IMPLICIT_RETAIN_SELF = YES;
				CLANG_WARN_OBJC_LITERAL_CONVERSION = YES;
				CLANG_WARN_OBJC_ROOT_CLASS = YES_ERROR;
				CLANG_WARN_QUOTED_INCLUDE_IN_FRAMEWORK_HEADER = YES;
				CLANG_WARN_RANGE_LOOP_ANALYSIS = YES;
				CLANG_WARN_STRICT_PROTOTYPES = YES;
				CLANG_WARN_SUSPICIOUS_MOVE = YES;
				CLANG_WARN_UNGUARDED_AVAILABILITY = YES_AGGRESSIVE;
				CLANG_WARN_UNREACHABLE_CODE = YES;
				CLANG_WARN__DUPLICATE_METHOD_MATCH = YES;
				COPY_PHASE_STRIP = NO;
				DEBUG_INFORMATION_FORMAT = dwarf;
				ENABLE_STRICT_OBJC_MSGSEND = YES;
				ENABLE_TESTABILITY = YES;
				GCC_C_LANGUAGE_STANDARD = gnu11;
				GCC_DYNAMIC_NO_PIC = NO;
				GCC_NO_COMMON_BLOCKS = YES;
				GCC_OPTIMIZATION_LEVEL = 0;
				GCC_PREPROCESSOR_DEFINITIONS = (
					"DEBUG=1",
					"$(inherited)",
				);
				GCC_WARN_64_TO_32_BIT_CONVERSION = YES;
				GCC_WARN_ABOUT_RETURN_TYPE = YES_ERROR;
				GCC_WARN_UNDECLARED_SELECTOR = YES;
				GCC_WARN_UNINITIALIZED_AUTOS = YES_AGGRESSIVE;
				GCC_WARN_UNUSED_FUNCTION = YES;
				GCC_WARN_UNUSED_VARIABLE = YES;
				IPHONEOS_DEPLOYMENT_TARGET = 16.4;
				MTL_ENABLE_DEBUG_INFO = INCLUDE_SOURCE;
				MTL_FAST_MATH = YES;
				ONLY_ACTIVE_ARCH = YES;
				SDKROOT = iphoneos;
				SWIFT_ACTIVE_COMPILATION_CONDITIONS = DEBUG;
				SWIFT_OPTIMIZATION_LEVEL = "-Onone";
			};
			name = Debug;
		};
		9844ACF82A271ECC0046FFE7 /* Release */ = {
			isa = XCBuildConfiguration;
			buildSettings = {
				ALWAYS_SEARCH_USER_PATHS = NO;
				CLANG_ANALYZER_NONNULL = YES;
				CLANG_ANALYZER_NUMBER_OBJECT_CONVERSION = YES_AGGRESSIVE;
				CLANG_CXX_LANGUAGE_STANDARD = "gnu++20";
				CLANG_ENABLE_MODULES = YES;
				CLANG_ENABLE_OBJC_ARC = YES;
				CLANG_ENABLE_OBJC_WEAK = YES;
				CLANG_WARN_BLOCK_CAPTURE_AUTORELEASING = YES;
				CLANG_WARN_BOOL_CONVERSION = YES;
				CLANG_WARN_COMMA = YES;
				CLANG_WARN_CONSTANT_CONVERSION = YES;
				CLANG_WARN_DEPRECATED_OBJC_IMPLEMENTATIONS = YES;
				CLANG_WARN_DIRECT_OBJC_ISA_USAGE = YES_ERROR;
				CLANG_WARN_DOCUMENTATION_COMMENTS = YES;
				CLANG_WARN_EMPTY_BODY = YES;
				CLANG_WARN_ENUM_CONVERSION = YES;
				CLANG_WARN_INFINITE_RECURSION = YES;
				CLANG_WARN_INT_CONVERSION = YES;
				CLANG_WARN_NON_LITERAL_NULL_CONVERSION = YES;
				CLANG_WARN_OBJC_IMPLICIT_RETAIN_SELF = YES;
				CLANG_WARN_OBJC_LITERAL_CONVERSION = YES;
				CLANG_WARN_OBJC_ROOT_CLASS = YES_ERROR;
				CLANG_WARN_QUOTED_INCLUDE_IN_FRAMEWORK_HEADER = YES;
				CLANG_WARN_RANGE_LOOP_ANALYSIS = YES;
				CLANG_WARN_STRICT_PROTOTYPES = YES;
				CLANG_WARN_SUSPICIOUS_MOVE = YES;
				CLANG_WARN_UNGUARDED_AVAILABILITY = YES_AGGRESSIVE;
				CLANG_WARN_UNREACHABLE_CODE = YES;
				CLANG_WARN__DUPLICATE_METHOD_MATCH = YES;
				COPY_PHASE_STRIP = NO;
				DEBUG_INFORMATION_FORMAT = "dwarf-with-dsym";
				ENABLE_NS_ASSERTIONS = NO;
				ENABLE_STRICT_OBJC_MSGSEND = YES;
				GCC_C_LANGUAGE_STANDARD = gnu11;
				GCC_NO_COMMON_BLOCKS = YES;
				GCC_WARN_64_TO_32_BIT_CONVERSION = YES;
				GCC_WARN_ABOUT_RETURN_TYPE = YES_ERROR;
				GCC_WARN_UNDECLARED_SELECTOR = YES;
				GCC_WARN_UNINITIALIZED_AUTOS = YES_AGGRESSIVE;
				GCC_WARN_UNUSED_FUNCTION = YES;
				GCC_WARN_UNUSED_VARIABLE = YES;
				IPHONEOS_DEPLOYMENT_TARGET = 16.4;
				MTL_ENABLE_DEBUG_INFO = NO;
				MTL_FAST_MATH = YES;
				SDKROOT = iphoneos;
				SWIFT_COMPILATION_MODE = wholemodule;
				SWIFT_OPTIMIZATION_LEVEL = "-O";
				VALIDATE_PRODUCT = YES;
			};
			name = Release;
		};
		9844ACFA2A271ECC0046FFE7 /* Debug */ = {
			isa = XCBuildConfiguration;
			baseConfigurationReference = 984153EA2A3ADA07002079A1 /* config.xcconfig */;
			buildSettings = {
				ASSETCATALOG_COMPILER_APPICON_NAME = AppIcon;
				ASSETCATALOG_COMPILER_GLOBAL_ACCENT_COLOR_NAME = AccentColor;
				CODE_SIGN_STYLE = Automatic;
				CURRENT_PROJECT_VERSION = 1;
				DEVELOPMENT_ASSET_PATHS = "\"iPexel/Preview Content\"";
				DEVELOPMENT_TEAM = K4EPMTZL7V;
				ENABLE_PREVIEWS = YES;
				GENERATE_INFOPLIST_FILE = YES;
				INFOPLIST_FILE = iPexel/Info.plist;
				INFOPLIST_KEY_UIApplicationSceneManifest_Generation = YES;
				INFOPLIST_KEY_UIApplicationSupportsIndirectInputEvents = YES;
				INFOPLIST_KEY_UILaunchScreen_Generation = YES;
				INFOPLIST_KEY_UISupportedInterfaceOrientations_iPad = "UIInterfaceOrientationPortrait UIInterfaceOrientationPortraitUpsideDown UIInterfaceOrientationLandscapeLeft UIInterfaceOrientationLandscapeRight";
				INFOPLIST_KEY_UISupportedInterfaceOrientations_iPhone = "UIInterfaceOrientationPortrait UIInterfaceOrientationLandscapeLeft UIInterfaceOrientationLandscapeRight";
				IPHONEOS_DEPLOYMENT_TARGET = 16.0;
				LD_RUNPATH_SEARCH_PATHS = (
					"$(inherited)",
					"@executable_path/Frameworks",
				);
				MARKETING_VERSION = 1.0;
				PRODUCT_BUNDLE_IDENTIFIER = com.junsu.iPexel.iPexel;
				PRODUCT_NAME = "$(TARGET_NAME)";
				SWIFT_EMIT_LOC_STRINGS = YES;
				SWIFT_VERSION = 5.0;
				TARGETED_DEVICE_FAMILY = "1,2";
			};
			name = Debug;
		};
		9844ACFB2A271ECC0046FFE7 /* Release */ = {
			isa = XCBuildConfiguration;
			baseConfigurationReference = 984153EA2A3ADA07002079A1 /* config.xcconfig */;
			buildSettings = {
				ASSETCATALOG_COMPILER_APPICON_NAME = AppIcon;
				ASSETCATALOG_COMPILER_GLOBAL_ACCENT_COLOR_NAME = AccentColor;
				CODE_SIGN_STYLE = Automatic;
				CURRENT_PROJECT_VERSION = 1;
				DEVELOPMENT_ASSET_PATHS = "\"iPexel/Preview Content\"";
				DEVELOPMENT_TEAM = K4EPMTZL7V;
				ENABLE_PREVIEWS = YES;
				GENERATE_INFOPLIST_FILE = YES;
				INFOPLIST_FILE = iPexel/Info.plist;
				INFOPLIST_KEY_UIApplicationSceneManifest_Generation = YES;
				INFOPLIST_KEY_UIApplicationSupportsIndirectInputEvents = YES;
				INFOPLIST_KEY_UILaunchScreen_Generation = YES;
				INFOPLIST_KEY_UISupportedInterfaceOrientations_iPad = "UIInterfaceOrientationPortrait UIInterfaceOrientationPortraitUpsideDown UIInterfaceOrientationLandscapeLeft UIInterfaceOrientationLandscapeRight";
				INFOPLIST_KEY_UISupportedInterfaceOrientations_iPhone = "UIInterfaceOrientationPortrait UIInterfaceOrientationLandscapeLeft UIInterfaceOrientationLandscapeRight";
				IPHONEOS_DEPLOYMENT_TARGET = 16.0;
				LD_RUNPATH_SEARCH_PATHS = (
					"$(inherited)",
					"@executable_path/Frameworks",
				);
				MARKETING_VERSION = 1.0;
				PRODUCT_BUNDLE_IDENTIFIER = com.junsu.iPexel.iPexel;
				PRODUCT_NAME = "$(TARGET_NAME)";
				SWIFT_EMIT_LOC_STRINGS = YES;
				SWIFT_VERSION = 5.0;
				TARGETED_DEVICE_FAMILY = "1,2";
			};
			name = Release;
		};
/* End XCBuildConfiguration section */

/* Begin XCConfigurationList section */
		9844ACE62A271ECB0046FFE7 /* Build configuration list for PBXProject "iPexel" */ = {
			isa = XCConfigurationList;
			buildConfigurations = (
				9844ACF72A271ECC0046FFE7 /* Debug */,
				9844ACF82A271ECC0046FFE7 /* Release */,
			);
			defaultConfigurationIsVisible = 0;
			defaultConfigurationName = Release;
		};
		9844ACF92A271ECC0046FFE7 /* Build configuration list for PBXNativeTarget "iPexel" */ = {
			isa = XCConfigurationList;
			buildConfigurations = (
				9844ACFA2A271ECC0046FFE7 /* Debug */,
				9844ACFB2A271ECC0046FFE7 /* Release */,
			);
			defaultConfigurationIsVisible = 0;
			defaultConfigurationName = Release;
		};
/* End XCConfigurationList section */

/* Begin XCRemoteSwiftPackageReference section */
		9844AD1A2A2821ED0046FFE7 /* XCRemoteSwiftPackageReference "Alamofire" */ = {
			isa = XCRemoteSwiftPackageReference;
			repositoryURL = "https://github.com/Alamofire/Alamofire.git";
			requirement = {
				kind = upToNextMajorVersion;
				minimumVersion = 5.6.4;
			};
		};
		9844AD262A2836300046FFE7 /* XCRemoteSwiftPackageReference "realm-swift" */ = {
			isa = XCRemoteSwiftPackageReference;
			repositoryURL = "https://github.com/realm/realm-swift.git";
			requirement = {
				branch = master;
				kind = branch;
			};
		};
/* End XCRemoteSwiftPackageReference section */

/* Begin XCSwiftPackageProductDependency section */
		9844AD1B2A2821ED0046FFE7 /* Alamofire */ = {
			isa = XCSwiftPackageProductDependency;
			package = 9844AD1A2A2821ED0046FFE7 /* XCRemoteSwiftPackageReference "Alamofire" */;
			productName = Alamofire;
		};
		9844AD272A2836300046FFE7 /* Realm */ = {
			isa = XCSwiftPackageProductDependency;
			package = 9844AD262A2836300046FFE7 /* XCRemoteSwiftPackageReference "realm-swift" */;
			productName = Realm;
		};
		9844AD292A2836300046FFE7 /* RealmSwift */ = {
			isa = XCSwiftPackageProductDependency;
			package = 9844AD262A2836300046FFE7 /* XCRemoteSwiftPackageReference "realm-swift" */;
			productName = RealmSwift;
		};
/* End XCSwiftPackageProductDependency section */
	};
	rootObject = 9844ACE32A271ECB0046FFE7 /* Project object */;
}
